
Microsoft Visual Studio Solution File, Format Version 12.00
# Visual Studio Version 17
VisualStudioVersion = 17.7.34031.279
MinimumVisualStudioVersion = 10.0.40219.1
Project("{FAE04EC0-301F-11D3-BF4B-00C04F79EFBC}") = "ScreenSoundApi", "ScreenSoundApi\ScreenSoundApi.csproj", "{2AFA0879-6BB6-4AE9-B361-83336BF4FAE8}"
EndProject
Global
	GlobalSection(SolutionConfigurationPlatforms) = preSolution
		Debug|Any CPU = Debug|Any CPU
		Release|Any CPU = Release|Any CPU
	EndGlobalSection
	GlobalSection(ProjectConfigurationPlatforms) = postSolution
		{2AFA0879-6BB6-4AE9-B361-83336BF4FAE8}.Debug|Any CPU.ActiveCfg = Debug|Any CPU
		{2AFA0879-6BB6-4AE9-B361-83336BF4FAE8}.Debug|Any CPU.Build.0 = Debug|Any CPU
		{2AFA0879-6BB6-4AE9-B361-83336BF4FAE8}.Release|Any CPU.ActiveCfg = Release|Any CPU
		{2AFA0879-6BB6-4AE9-B361-83336BF4FAE8}.Release|Any CPU.Build.0 = Release|Any CPU
	EndGlobalSection
	GlobalSection(SolutionProperties) = preSolution
		HideSolutionNode = FALSE
	EndGlobalSection
	GlobalSection(ExtensibilityGlobals) = postSolution
		SolutionGuid = {6C4F5FCB-1FB2-4E94-96AB-60B16B98DACA}
	EndGlobalSection
EndGlobal
